
Microsoft Visual Studio Solution File, Format Version 12.00
# Visual Studio Version 17
VisualStudioVersion = 17.4.33205.214
MinimumVisualStudioVersion = 10.0.40219.1
Project("{FAE04EC0-301F-11D3-BF4B-00C04F79EFBC}") = "CHViewer", "CHViewer\CHViewer.csproj", "{7BB1F6A7-4084-4CDE-BADA-D2697D2741DE}"
EndProject
Project("{FAE04EC0-301F-11D3-BF4B-00C04F79EFBC}") = "CHParser", "CHParser\CHParser.csproj", "{7D577B89-EED1-4B46-A636-ECDDD980B3C8}"
EndProject
Global
	GlobalSection(SolutionConfigurationPlatforms) = preSolution
		Debug|Any CPU = Debug|Any CPU
		Release|Any CPU = Release|Any CPU
	EndGlobalSection
	GlobalSection(ProjectConfigurationPlatforms) = postSolution
		{7BB1F6A7-4084-4CDE-BADA-D2697D2741DE}.Debug|Any CPU.ActiveCfg = Debug|Any CPU
		{7BB1F6A7-4084-4CDE-BADA-D2697D2741DE}.Debug|Any CPU.Build.0 = Debug|Any CPU
		{7BB1F6A7-4084-4CDE-BADA-D2697D2741DE}.Release|Any CPU.ActiveCfg = Release|Any CPU
		{7BB1F6A7-4084-4CDE-BADA-D2697D2741DE}.Release|Any CPU.Build.0 = Release|Any CPU
		{7D577B89-EED1-4B46-A636-ECDDD980B3C8}.Debug|Any CPU.ActiveCfg = Debug|Any CPU
		{7D577B89-EED1-4B46-A636-ECDDD980B3C8}.Debug|Any CPU.Build.0 = Debug|Any CPU
		{7D577B89-EED1-4B46-A636-ECDDD980B3C8}.Release|Any CPU.ActiveCfg = Release|Any CPU
		{7D577B89-EED1-4B46-A636-ECDDD980B3C8}.Release|Any CPU.Build.0 = Release|Any CPU
	EndGlobalSection
	GlobalSection(SolutionProperties) = preSolution
		HideSolutionNode = FALSE
	EndGlobalSection
	GlobalSection(ExtensibilityGlobals) = postSolution
		SolutionGuid = {2E3373B5-8843-43A2-BDD9-2BB11048D6EC}
	EndGlobalSection
EndGlobal
